
Microsoft Visual Studio Solution File, Format Version 12.00
# Visual Studio Version 17
VisualStudioVersion = 17.8.34330.188
MinimumVisualStudioVersion = 10.0.40219.1
Project("{FAE04EC0-301F-11D3-BF4B-00C04F79EFBC}") = "ConsoleApp19", "ConsoleApp19\ConsoleApp19.csproj", "{A214F934-7FC4-491F-AD5D-0865B702224E}"
EndProject
Global
	GlobalSection(SolutionConfigurationPlatforms) = preSolution
		Debug|Any CPU = Debug|Any CPU
		Release|Any CPU = Release|Any CPU
	EndGlobalSection
	GlobalSection(ProjectConfigurationPlatforms) = postSolution
		{A214F934-7FC4-491F-AD5D-0865B702224E}.Debug|Any CPU.ActiveCfg = Debug|Any CPU
		{A214F934-7FC4-491F-AD5D-0865B702224E}.Debug|Any CPU.Build.0 = Debug|Any CPU
		{A214F934-7FC4-491F-AD5D-0865B702224E}.Release|Any CPU.ActiveCfg = Release|Any CPU
		{A214F934-7FC4-491F-AD5D-0865B702224E}.Release|Any CPU.Build.0 = Release|Any CPU
	EndGlobalSection
	GlobalSection(SolutionProperties) = preSolution
		HideSolutionNode = FALSE
	EndGlobalSection
	GlobalSection(ExtensibilityGlobals) = postSolution
		SolutionGuid = {BEBE6CE7-8271-4448-A30C-8A8ED75BA8B4}
	EndGlobalSection
EndGlobal
